{
  "version": 4,
  "terraform_version": "1.16.0",
  "serial": 1,
  "lineage": "18955620-0074-35ec-5d03-8872f386cd2b",
  "outputs": {},
  "resources": [
    {
      "mode": "managed",
      "type": "local_file",
      "name": "project_info",
      "provider": "provider[\"registry.terraform.io/hashicorp/local\"]",
      "instances": [
        {
          "schema_version": 0,
          "attributes": {
            "content": "DevOps Final Project\nApplication: Nginx\nContainer: Docker\nCI/CD: Jenkins\nOrchestration: Kubernetes\nInfrastructure as Code: Terraform\n",
            "content_base64": null,
            "content_base64sha256": "VsXr4Gt7rICUnE6jrRUe+rNFB69MVO8JYT/vi31dEr4=",
            "content_base64sha512": "WiJmjQpFF87Ba/YY5PyCazcJXcsoGoWnqcQBeSfr7FiXFRbZFZoEVVFAuOvxBPSsSDzKUrAUL+mQI0Ce/5fs6w==",
            "content_md5": "9038ab4b042430c31f64f79af3df3dee",
            "content_sha1": "04133ab5df34ab956a67359b3d399be1c2c8f12b",
            "content_sha256": "56c5ebe06b7bac80949c4ea3ad151efab34507af4c54ef09613fef8b7d5d12be",
            "content_sha512": "5a22668d0a4517cec16bf618e4fc826b37095dcb281a85a7a9c4017927ebec58971516d9159a04555140b8ebf104f4ac483cca52b0142fe99023409eff97eceb",
            "directory_permission": "0777",
            "file_permission": "0777",
            "filename": "./project-info.txt",
            "id": "04133ab5df34ab956a67359b3d399be1c2c8f12b",
            "sensitive_content": null,
            "source": null
          },
          "sensitive_attributes": [
            [
              {
                "type": "get_attr",
                "value": "sensitive_content"
              }
            ]
          ],
          "identity_schema_version": 0
        }
      ]
    }
  ],
  "check_results": null
}
